
Microsoft Visual Studio Solution File, Format Version 12.00
# Visual Studio Version 17
VisualStudioVersion = 17.0.31919.166
MinimumVisualStudioVersion = 10.0.40219.1
Project("{FAE04EC0-301F-11D3-BF4B-00C04F79EFBC}") = "Logistic", "Logistic\Logistic.csproj", "{50324F26-D781-4D27-B183-F67F6D784F47}"
EndProject
Global
	GlobalSection(SolutionConfigurationPlatforms) = preSolution
		Debug|Any CPU = Debug|Any CPU
		Release|Any CPU = Release|Any CPU
	EndGlobalSection
	GlobalSection(ProjectConfigurationPlatforms) = postSolution
		{50324F26-D781-4D27-B183-F67F6D784F47}.Debug|Any CPU.ActiveCfg = Debug|Any CPU
		{50324F26-D781-4D27-B183-F67F6D784F47}.Debug|Any CPU.Build.0 = Debug|Any CPU
		{50324F26-D781-4D27-B183-F67F6D784F47}.Release|Any CPU.ActiveCfg = Release|Any CPU
		{50324F26-D781-4D27-B183-F67F6D784F47}.Release|Any CPU.Build.0 = Release|Any CPU
	EndGlobalSection
	GlobalSection(SolutionProperties) = preSolution
		HideSolutionNode = FALSE
	EndGlobalSection
	GlobalSection(ExtensibilityGlobals) = postSolution
		SolutionGuid = {0A043AAE-CEF9-4250-8978-F1D43CDCAA64}
	EndGlobalSection
EndGlobal
